
Microsoft Visual Studio Solution File, Format Version 12.00
# Visual Studio Version 17
VisualStudioVersion = 17.1.32421.90
MinimumVisualStudioVersion = 10.0.40219.1
Project("{9A19103F-16F7-4668-BE54-9A1E7A4F7556}") = "TodoAPI", "TodoAPI\TodoAPI.csproj", "{A51FD400-DC49-481B-9026-1D50980ACA1D}"
EndProject
Project("{FAE04EC0-301F-11D3-BF4B-00C04F79EFBC}") = "TodoDAL", "TodoDAL\TodoDAL.csproj", "{854CACAC-9D30-43A7-B4DF-D03CAC45B272}"
EndProject
Global
	GlobalSection(SolutionConfigurationPlatforms) = preSolution
		Debug|Any CPU = Debug|Any CPU
		Release|Any CPU = Release|Any CPU
	EndGlobalSection
	GlobalSection(ProjectConfigurationPlatforms) = postSolution
		{A51FD400-DC49-481B-9026-1D50980ACA1D}.Debug|Any CPU.ActiveCfg = Debug|Any CPU
		{A51FD400-DC49-481B-9026-1D50980ACA1D}.Debug|Any CPU.Build.0 = Debug|Any CPU
		{A51FD400-DC49-481B-9026-1D50980ACA1D}.Release|Any CPU.ActiveCfg = Release|Any CPU
		{A51FD400-DC49-481B-9026-1D50980ACA1D}.Release|Any CPU.Build.0 = Release|Any CPU
		{854CACAC-9D30-43A7-B4DF-D03CAC45B272}.Debug|Any CPU.ActiveCfg = Debug|Any CPU
		{854CACAC-9D30-43A7-B4DF-D03CAC45B272}.Debug|Any CPU.Build.0 = Debug|Any CPU
		{854CACAC-9D30-43A7-B4DF-D03CAC45B272}.Release|Any CPU.ActiveCfg = Release|Any CPU
		{854CACAC-9D30-43A7-B4DF-D03CAC45B272}.Release|Any CPU.Build.0 = Release|Any CPU
	EndGlobalSection
	GlobalSection(SolutionProperties) = preSolution
		HideSolutionNode = FALSE
	EndGlobalSection
	GlobalSection(ExtensibilityGlobals) = postSolution
		SolutionGuid = {4AEFE561-4C1D-4EB8-883F-7D86612D3E51}
	EndGlobalSection
EndGlobal
